// !$*UTF8*$!
{
	archiveVersion = 1;
	classes = {
	};
	objectVersion = 51;
	objects = {

/* Begin PBXBuildFile section */
		C00082FE281F8A9C006D61C1 /* SliderCollectionViewCell.swift in Sources */ = {isa = PBXBuildFile; fileRef = C00082FC281F8A9C006D61C1 /* SliderCollectionViewCell.swift */; };
		C00082FF281F8A9C006D61C1 /* SlideCollectionViewCell.xib in Resources */ = {isa = PBXBuildFile; fileRef = C00082FD281F8A9C006D61C1 /* SlideCollectionViewCell.xib */; };
		C00BAD6227E97FD900134BEA /* AppDelegate.swift in Sources */ = {isa = PBXBuildFile; fileRef = C00BAD6127E97FD900134BEA /* AppDelegate.swift */; };
		C00BAD6427E97FD900134BEA /* SceneDelegate.swift in Sources */ = {isa = PBXBuildFile; fileRef = C00BAD6327E97FD900134BEA /* SceneDelegate.swift */; };
		C00BAD6627E97FD900134BEA /* SearchViewController.swift in Sources */ = {isa = PBXBuildFile; fileRef = C00BAD6527E97FD900134BEA /* SearchViewController.swift */; };
		C00BAD6927E97FD900134BEA /* Main.storyboard in Resources */ = {isa = PBXBuildFile; fileRef = C00BAD6727E97FD900134BEA /* Main.storyboard */; };
		C00BAD6B27E97FE400134BEA /* Assets.xcassets in Resources */ = {isa = PBXBuildFile; fileRef = C00BAD6A27E97FE400134BEA /* Assets.xcassets */; };
		C00BAD6E27E97FE400134BEA /* LaunchScreen.storyboard in Resources */ = {isa = PBXBuildFile; fileRef = C00BAD6C27E97FE400134BEA /* LaunchScreen.storyboard */; };
		C00BAD7727E981E900134BEA /* Service.swift in Sources */ = {isa = PBXBuildFile; fileRef = C00BAD7627E981E900134BEA /* Service.swift */; };
		C00BAD7A27E986C300134BEA /* Model.swift in Sources */ = {isa = PBXBuildFile; fileRef = C00BAD7927E986C300134BEA /* Model.swift */; };
		C00BAD8627EA219F00134BEA /* UIFont + Extension.swift in Sources */ = {isa = PBXBuildFile; fileRef = C00BAD8527EA219F00134BEA /* UIFont + Extension.swift */; };
		C00BAD8A27EA21B900134BEA /* UIColor + Extension.swift in Sources */ = {isa = PBXBuildFile; fileRef = C00BAD8927EA21B900134BEA /* UIColor + Extension.swift */; };
		C00BAD8D27EA2C9600134BEA /* UILabel + Extension.swift in Sources */ = {isa = PBXBuildFile; fileRef = C00BAD8C27EA2C9500134BEA /* UILabel + Extension.swift */; };
		C031D70B287D4E45005AC35E /* LoginViewModel.swift in Sources */ = {isa = PBXBuildFile; fileRef = C031D70A287D4E45005AC35E /* LoginViewModel.swift */; };
		C04DDB302838058C00A2F14E /* FindPwdViewController.swift in Sources */ = {isa = PBXBuildFile; fileRef = C04DDB2F2838058C00A2F14E /* FindPwdViewController.swift */; };
		C0524236283107100034B66B /* GoogleService-Info.plist in Resources */ = {isa = PBXBuildFile; fileRef = C0524235283107100034B66B /* GoogleService-Info.plist */; };
		C065DE022830A00B000AD2C3 /* UserModel.swift in Sources */ = {isa = PBXBuildFile; fileRef = C065DE012830A00B000AD2C3 /* UserModel.swift */; };
		C065DE042830A0CF000AD2C3 /* LoginViewController.swift in Sources */ = {isa = PBXBuildFile; fileRef = C065DE032830A0CF000AD2C3 /* LoginViewController.swift */; };
		C065DE062830A49F000AD2C3 /* SignUpViewController.swift in Sources */ = {isa = PBXBuildFile; fileRef = C065DE052830A49F000AD2C3 /* SignUpViewController.swift */; };
		C065DE082830D366000AD2C3 /* UITextField + Extension.swift in Sources */ = {isa = PBXBuildFile; fileRef = C065DE072830D366000AD2C3 /* UITextField + Extension.swift */; };
		C06DAE382806EBFC008E0559 /* NewsTableViewCell.swift in Sources */ = {isa = PBXBuildFile; fileRef = C06DAE362806EBFC008E0559 /* NewsTableViewCell.swift */; };
		C06DAE392806EBFC008E0559 /* NewsTableViewCell.xib in Resources */ = {isa = PBXBuildFile; fileRef = C06DAE372806EBFC008E0559 /* NewsTableViewCell.xib */; };
		C09A6EF8281A294900DCCEFD /* ListTableViewCell.swift in Sources */ = {isa = PBXBuildFile; fileRef = C09A6EF6281A294900DCCEFD /* ListTableViewCell.swift */; };
		C09A6EF9281A294900DCCEFD /* ListTableViewCell.xib in Resources */ = {isa = PBXBuildFile; fileRef = C09A6EF7281A294900DCCEFD /* ListTableViewCell.xib */; };
		C09A6EFB281A48F700DCCEFD /* UISearchBar + Extension.swift in Sources */ = {isa = PBXBuildFile; fileRef = C09A6EFA281A48F700DCCEFD /* UISearchBar + Extension.swift */; };
		C09D072428336E88007D527B /* BookmarkViewController.swift in Sources */ = {isa = PBXBuildFile; fileRef = C09D072328336E88007D527B /* BookmarkViewController.swift */; };
		C09D072728337018007D527B /* BookmarkTableViewCell.swift in Sources */ = {isa = PBXBuildFile; fileRef = C09D072528337018007D527B /* BookmarkTableViewCell.swift */; };
		C09D072828337018007D527B /* BookmarkTableViewCell.xib in Resources */ = {isa = PBXBuildFile; fileRef = C09D072628337018007D527B /* BookmarkTableViewCell.xib */; };
		C0A07679283CF5950020593D /* UIWindow + Extension.swift in Sources */ = {isa = PBXBuildFile; fileRef = C0A07678283CF5950020593D /* UIWindow + Extension.swift */; };
		C0A5A1D828150D4B0030A49B /* NewsCollectionViewCell.swift in Sources */ = {isa = PBXBuildFile; fileRef = C0A5A1D628150D4B0030A49B /* NewsCollectionViewCell.swift */; };
		C0A5A1D928150D4B0030A49B /* NewsCollectionViewCell.xib in Resources */ = {isa = PBXBuildFile; fileRef = C0A5A1D728150D4B0030A49B /* NewsCollectionViewCell.xib */; };
		C0B8ED4627EB8B4A00545C57 /* NanumSquareB.otf in Resources */ = {isa = PBXBuildFile; fileRef = C0B8ED4227EB8B4A00545C57 /* NanumSquareB.otf */; };
		C0B8ED4727EB8B4A00545C57 /* NanumSquareR.otf in Resources */ = {isa = PBXBuildFile; fileRef = C0B8ED4327EB8B4A00545C57 /* NanumSquareR.otf */; };
		C0B8ED4827EB8B4A00545C57 /* NanumSquareL.otf in Resources */ = {isa = PBXBuildFile; fileRef = C0B8ED4427EB8B4A00545C57 /* NanumSquareL.otf */; };
		C0B8ED4927EB8B4A00545C57 /* NanumSquareEB.otf in Resources */ = {isa = PBXBuildFile; fileRef = C0B8ED4527EB8B4A00545C57 /* NanumSquareEB.otf */; };
		C0E74BC62834C6A800335FE7 /* SettingViewController.swift in Sources */ = {isa = PBXBuildFile; fileRef = C0E74BC52834C6A800335FE7 /* SettingViewController.swift */; };
		C0E74BC92834C80A00335FE7 /* SettingTableViewCell.swift in Sources */ = {isa = PBXBuildFile; fileRef = C0E74BC72834C80A00335FE7 /* SettingTableViewCell.swift */; };
		C0E74BCA2834C80A00335FE7 /* SettingTableViewCell.xib in Resources */ = {isa = PBXBuildFile; fileRef = C0E74BC82834C80A00335FE7 /* SettingTableViewCell.xib */; };
		C0F5677427EAE3850039E49A /* MainViewController.swift in Sources */ = {isa = PBXBuildFile; fileRef = C0F5677327EAE3850039E49A /* MainViewController.swift */; };
		FDEAD9DE0F58263420ACA52F /* Pods_NewsCheck.framework in Frameworks */ = {isa = PBXBuildFile; fileRef = 9EEC1B4A9FE402F73654CC42 /* Pods_NewsCheck.framework */; };
/* End PBXBuildFile section */

/* Begin PBXFileReference section */
		69D06B4E9C85A204FC907685 /* Pods-NewsCheck.debug.xcconfig */ = {isa = PBXFileReference; includeInIndex = 1; lastKnownFileType = text.xcconfig; name = "Pods-NewsCheck.debug.xcconfig"; path = "Target Support Files/Pods-NewsCheck/Pods-NewsCheck.debug.xcconfig"; sourceTree = "<group>"; };
		99C000E8DEF0012EBC6A5DBB /* Pods-NewsCheck.release.xcconfig */ = {isa = PBXFileReference; includeInIndex = 1; lastKnownFileType = text.xcconfig; name = "Pods-NewsCheck.release.xcconfig"; path = "Target Support Files/Pods-NewsCheck/Pods-NewsCheck.release.xcconfig"; sourceTree = "<group>"; };
		9EEC1B4A9FE402F73654CC42 /* Pods_NewsCheck.framework */ = {isa = PBXFileReference; explicitFileType = wrapper.framework; includeInIndex = 0; path = Pods_NewsCheck.framework; sourceTree = BUILT_PRODUCTS_DIR; };
		C00082FC281F8A9C006D61C1 /* SliderCollectionViewCell.swift */ = {isa = PBXFileReference; lastKnownFileType = sourcecode.swift; path = SliderCollectionViewCell.swift; sourceTree = "<group>"; };
		C00082FD281F8A9C006D61C1 /* SlideCollectionViewCell.xib */ = {isa = PBXFileReference; lastKnownFileType = file.xib; path = SlideCollectionViewCell.xib; sourceTree = "<group>"; };
		C00BAD5E27E97FD900134BEA /* NewsCheck.app */ = {isa = PBXFileReference; explicitFileType = wrapper.application; includeInIndex = 0; path = NewsCheck.app; sourceTree = BUILT_PRODUCTS_DIR; };
		C00BAD6127E97FD900134BEA /* AppDelegate.swift */ = {isa = PBXFileReference; lastKnownFileType = sourcecode.swift; path = AppDelegate.swift; sourceTree = "<group>"; };
		C00BAD6327E97FD900134BEA /* SceneDelegate.swift */ = {isa = PBXFileReference; lastKnownFileType = sourcecode.swift; path = SceneDelegate.swift; sourceTree = "<group>"; };
		C00BAD6527E97FD900134BEA /* SearchViewController.swift */ = {isa = PBXFileReference; lastKnownFileType = sourcecode.swift; path = SearchViewController.swift; sourceTree = "<group>"; };
		C00BAD6827E97FD900134BEA /* Base */ = {isa = PBXFileReference; lastKnownFileType = file.storyboard; name = Base; path = Base.lproj/Main.storyboard; sourceTree = "<group>"; };
		C00BAD6A27E97FE400134BEA /* Assets.xcassets */ = {isa = PBXFileReference; lastKnownFileType = folder.assetcatalog; path = Assets.xcassets; sourceTree = "<group>"; };
		C00BAD6D27E97FE400134BEA /* Base */ = {isa = PBXFileReference; lastKnownFileType = file.storyboard; name = Base; path = Base.lproj/LaunchScreen.storyboard; sourceTree = "<group>"; };
		C00BAD6F27E97FE400134BEA /* Info.plist */ = {isa = PBXFileReference; lastKnownFileType = text.plist.xml; path = Info.plist; sourceTree = "<group>"; };
		C00BAD7627E981E900134BEA /* Service.swift */ = {isa = PBXFileReference; lastKnownFileType = sourcecode.swift; path = Service.swift; sourceTree = "<group>"; };
		C00BAD7927E986C300134BEA /* Model.swift */ = {isa = PBXFileReference; lastKnownFileType = sourcecode.swift; path = Model.swift; sourceTree = "<group>"; };
		C00BAD8527EA219F00134BEA /* UIFont + Extension.swift */ = {isa = PBXFileReference; lastKnownFileType = sourcecode.swift; path = "UIFont + Extension.swift"; sourceTree = "<group>"; };
		C00BAD8927EA21B900134BEA /* UIColor + Extension.swift */ = {isa = PBXFileReference; lastKnownFileType = sourcecode.swift; path = "UIColor + Extension.swift"; sourceTree = "<group>"; };
		C00BAD8C27EA2C9500134BEA /* UILabel + Extension.swift */ = {isa = PBXFileReference; lastKnownFileType = sourcecode.swift; path = "UILabel + Extension.swift"; sourceTree = "<group>"; };
		C031D70A287D4E45005AC35E /* LoginViewModel.swift */ = {isa = PBXFileReference; lastKnownFileType = sourcecode.swift; path = LoginViewModel.swift; sourceTree = "<group>"; };
		C04DDB2F2838058C00A2F14E /* FindPwdViewController.swift */ = {isa = PBXFileReference; lastKnownFileType = sourcecode.swift; path = FindPwdViewController.swift; sourceTree = "<group>"; };
		C0524235283107100034B66B /* GoogleService-Info.plist */ = {isa = PBXFileReference; fileEncoding = 4; lastKnownFileType = text.plist.xml; path = "GoogleService-Info.plist"; sourceTree = "<group>"; };
		C065DE012830A00B000AD2C3 /* UserModel.swift */ = {isa = PBXFileReference; lastKnownFileType = sourcecode.swift; path = UserModel.swift; sourceTree = "<group>"; };
		C065DE032830A0CF000AD2C3 /* LoginViewController.swift */ = {isa = PBXFileReference; lastKnownFileType = sourcecode.swift; path = LoginViewController.swift; sourceTree = "<group>"; };
		C065DE052830A49F000AD2C3 /* SignUpViewController.swift */ = {isa = PBXFileReference; lastKnownFileType = sourcecode.swift; path = SignUpViewController.swift; sourceTree = "<group>"; };
		C065DE072830D366000AD2C3 /* UITextField + Extension.swift */ = {isa = PBXFileReference; lastKnownFileType = sourcecode.swift; path = "UITextField + Extension.swift"; sourceTree = "<group>"; };
		C06DAE362806EBFC008E0559 /* NewsTableViewCell.swift */ = {isa = PBXFileReference; lastKnownFileType = sourcecode.swift; path = NewsTableViewCell.swift; sourceTree = "<group>"; };
		C06DAE372806EBFC008E0559 /* NewsTableViewCell.xib */ = {isa = PBXFileReference; lastKnownFileType = file.xib; path = NewsTableViewCell.xib; sourceTree = "<group>"; };
		C08A05D5283260C300DFE03C /* NewsCheck.entitlements */ = {isa = PBXFileReference; lastKnownFileType = text.plist.entitlements; name = NewsCheck.entitlements; path = NewsCheck/NewsCheck.entitlements; sourceTree = "<group>"; };
		C09A6EF6281A294900DCCEFD /* ListTableViewCell.swift */ = {isa = PBXFileReference; lastKnownFileType = sourcecode.swift; path = ListTableViewCell.swift; sourceTree = "<group>"; };
		C09A6EF7281A294900DCCEFD /* ListTableViewCell.xib */ = {isa = PBXFileReference; lastKnownFileType = file.xib; path = ListTableViewCell.xib; sourceTree = "<group>"; };
		C09A6EFA281A48F700DCCEFD /* UISearchBar + Extension.swift */ = {isa = PBXFileReference; lastKnownFileType = sourcecode.swift; path = "UISearchBar + Extension.swift"; sourceTree = "<group>"; };
		C09D072328336E88007D527B /* BookmarkViewController.swift */ = {isa = PBXFileReference; lastKnownFileType = sourcecode.swift; path = BookmarkViewController.swift; sourceTree = "<group>"; };
		C09D072528337018007D527B /* BookmarkTableViewCell.swift */ = {isa = PBXFileReference; lastKnownFileType = sourcecode.swift; path = BookmarkTableViewCell.swift; sourceTree = "<group>"; };
		C09D072628337018007D527B /* BookmarkTableViewCell.xib */ = {isa = PBXFileReference; lastKnownFileType = file.xib; path = BookmarkTableViewCell.xib; sourceTree = "<group>"; };
		C0A07678283CF5950020593D /* UIWindow + Extension.swift */ = {isa = PBXFileReference; lastKnownFileType = sourcecode.swift; path = "UIWindow + Extension.swift"; sourceTree = "<group>"; };
		C0A5A1D628150D4B0030A49B /* NewsCollectionViewCell.swift */ = {isa = PBXFileReference; lastKnownFileType = sourcecode.swift; path = NewsCollectionViewCell.swift; sourceTree = "<group>"; };
		C0A5A1D728150D4B0030A49B /* NewsCollectionViewCell.xib */ = {isa = PBXFileReference; lastKnownFileType = file.xib; path = NewsCollectionViewCell.xib; sourceTree = "<group>"; };
		C0B8ED4227EB8B4A00545C57 /* NanumSquareB.otf */ = {isa = PBXFileReference; lastKnownFileType = file; path = NanumSquareB.otf; sourceTree = "<group>"; };
		C0B8ED4327EB8B4A00545C57 /* NanumSquareR.otf */ = {isa = PBXFileReference; lastKnownFileType = file; path = NanumSquareR.otf; sourceTree = "<group>"; };
		C0B8ED4427EB8B4A00545C57 /* NanumSquareL.otf */ = {isa = PBXFileReference; lastKnownFileType = file; path = NanumSquareL.otf; sourceTree = "<group>"; };
		C0B8ED4527EB8B4A00545C57 /* NanumSquareEB.otf */ = {isa = PBXFileReference; lastKnownFileType = file; path = NanumSquareEB.otf; sourceTree = "<group>"; };
		C0E74BC52834C6A800335FE7 /* SettingViewController.swift */ = {isa = PBXFileReference; lastKnownFileType = sourcecode.swift; path = SettingViewController.swift; sourceTree = "<group>"; };
		C0E74BC72834C80A00335FE7 /* SettingTableViewCell.swift */ = {isa = PBXFileReference; lastKnownFileType = sourcecode.swift; path = SettingTableViewCell.swift; sourceTree = "<group>"; };
		C0E74BC82834C80A00335FE7 /* SettingTableViewCell.xib */ = {isa = PBXFileReference; lastKnownFileType = file.xib; path = SettingTableViewCell.xib; sourceTree = "<group>"; };
		C0F5677327EAE3850039E49A /* MainViewController.swift */ = {isa = PBXFileReference; lastKnownFileType = sourcecode.swift; path = MainViewController.swift; sourceTree = "<group>"; };
/* End PBXFileReference section */

/* Begin PBXFrameworksBuildPhase section */
		C00BAD5B27E97FD900134BEA /* Frameworks */ = {
			isa = PBXFrameworksBuildPhase;
			buildActionMask = 2147483647;
			files = (
				FDEAD9DE0F58263420ACA52F /* Pods_NewsCheck.framework in Frameworks */,
			);
			runOnlyForDeploymentPostprocessing = 0;
		};
/* End PBXFrameworksBuildPhase section */

/* Begin PBXGroup section */
		4FB0C22D5B328F6B7E8C4794 /* Frameworks */ = {
			isa = PBXGroup;
			children = (
				9EEC1B4A9FE402F73654CC42 /* Pods_NewsCheck.framework */,
			);
			name = Frameworks;
			sourceTree = "<group>";
		};
		C00BAD5527E97FD900134BEA = {
			isa = PBXGroup;
			children = (
				C08A05D5283260C300DFE03C /* NewsCheck.entitlements */,
				C00BAD6027E97FD900134BEA /* NewsApp */,
				C00BAD5F27E97FD900134BEA /* Products */,
				DE6B39C14622E8CEE7D82EF0 /* Pods */,
				4FB0C22D5B328F6B7E8C4794 /* Frameworks */,
			);
			sourceTree = "<group>";
		};
		C00BAD5F27E97FD900134BEA /* Products */ = {
			isa = PBXGroup;
			children = (
				C00BAD5E27E97FD900134BEA /* NewsCheck.app */,
			);
			name = Products;
			sourceTree = "<group>";
		};
		C00BAD6027E97FD900134BEA /* NewsApp */ = {
			isa = PBXGroup;
			children = (
				C0B8ED4127EB8AF300545C57 /* Fonts */,
				C00BAD8427EA218900134BEA /* Extensions */,
				C031D70C287D4F4F005AC35E /* Views */,
				C031D709287D4E33005AC35E /* ViewModels */,
				C01A140A282CC43F000B12E1 /* Service */,
				C01A1409282CC43A000B12E1 /* Models */,
				C00BAD7C27E9F65700134BEA /* App */,
				C00BAD6F27E97FE400134BEA /* Info.plist */,
				C0524235283107100034B66B /* GoogleService-Info.plist */,
				C00BAD6727E97FD900134BEA /* Main.storyboard */,
			);
			name = NewsApp;
			path = NewsCheck;
			sourceTree = "<group>";
		};
		C00BAD7C27E9F65700134BEA /* App */ = {
			isa = PBXGroup;
			children = (
				C00BAD6A27E97FE400134BEA /* Assets.xcassets */,
				C00BAD6C27E97FE400134BEA /* LaunchScreen.storyboard */,
				C00BAD6327E97FD900134BEA /* SceneDelegate.swift */,
				C00BAD6127E97FD900134BEA /* AppDelegate.swift */,
			);
			path = App;
			sourceTree = "<group>";
		};
		C00BAD8427EA218900134BEA /* Extensions */ = {
			isa = PBXGroup;
			children = (
				C00BAD8527EA219F00134BEA /* UIFont + Extension.swift */,
				C00BAD8927EA21B900134BEA /* UIColor + Extension.swift */,
				C00BAD8C27EA2C9500134BEA /* UILabel + Extension.swift */,
				C09A6EFA281A48F700DCCEFD /* UISearchBar + Extension.swift */,
				C065DE072830D366000AD2C3 /* UITextField + Extension.swift */,
				C0A07678283CF5950020593D /* UIWindow + Extension.swift */,
			);
			path = Extensions;
			sourceTree = "<group>";
		};
		C01A1409282CC43A000B12E1 /* Models */ = {
			isa = PBXGroup;
			children = (
				C00BAD7927E986C300134BEA /* Model.swift */,
				C065DE012830A00B000AD2C3 /* UserModel.swift */,
			);
			path = Models;
			sourceTree = "<group>";
		};
		C01A140A282CC43F000B12E1 /* Service */ = {
			isa = PBXGroup;
			children = (
				C00BAD7627E981E900134BEA /* Service.swift */,
			);
			path = Service;
			sourceTree = "<group>";
		};
		C031D709287D4E33005AC35E /* ViewModels */ = {
			isa = PBXGroup;
			children = (
				C031D70A287D4E45005AC35E /* LoginViewModel.swift */,
			);
			path = ViewModels;
			sourceTree = "<group>";
		};
		C031D70C287D4F4F005AC35E /* Views */ = {
			isa = PBXGroup;
			children = (
				C07D6EB32817D7EF00EB716F /* TableViewCell */,
				C07D6EB42817D7F700EB716F /* CollectionViewCell */,
				C00BAD6527E97FD900134BEA /* SearchViewController.swift */,
				C0F5677327EAE3850039E49A /* MainViewController.swift */,
				C065DE032830A0CF000AD2C3 /* LoginViewController.swift */,
				C065DE052830A49F000AD2C3 /* SignUpViewController.swift */,
				C09D072328336E88007D527B /* BookmarkViewController.swift */,
				C0E74BC52834C6A800335FE7 /* SettingViewController.swift */,
				C04DDB2F2838058C00A2F14E /* FindPwdViewController.swift */,
			);
			path = Views;
			sourceTree = "<group>";
		};
		C07D6EB32817D7EF00EB716F /* TableViewCell */ = {
			isa = PBXGroup;
			children = (
				C06DAE362806EBFC008E0559 /* NewsTableViewCell.swift */,
				C06DAE372806EBFC008E0559 /* NewsTableViewCell.xib */,
				C09A6EF6281A294900DCCEFD /* ListTableViewCell.swift */,
				C09A6EF7281A294900DCCEFD /* ListTableViewCell.xib */,
				C09D072528337018007D527B /* BookmarkTableViewCell.swift */,
				C09D072628337018007D527B /* BookmarkTableViewCell.xib */,
				C0E74BC72834C80A00335FE7 /* SettingTableViewCell.swift */,
				C0E74BC82834C80A00335FE7 /* SettingTableViewCell.xib */,
			);
			path = TableViewCell;
			sourceTree = "<group>";
		};
		C07D6EB42817D7F700EB716F /* CollectionViewCell */ = {
			isa = PBXGroup;
			children = (
				C00082FC281F8A9C006D61C1 /* SliderCollectionViewCell.swift */,
				C00082FD281F8A9C006D61C1 /* SlideCollectionViewCell.xib */,
				C0A5A1D628150D4B0030A49B /* NewsCollectionViewCell.swift */,
				C0A5A1D728150D4B0030A49B /* NewsCollectionViewCell.xib */,
			);
			path = CollectionViewCell;
			sourceTree = "<group>";
		};
		C0B8ED4127EB8AF300545C57 /* Fonts */ = {
			isa = PBXGroup;
			children = (
				C0B8ED4227EB8B4A00545C57 /* NanumSquareB.otf */,
				C0B8ED4527EB8B4A00545C57 /* NanumSquareEB.otf */,
				C0B8ED4427EB8B4A00545C57 /* NanumSquareL.otf */,
				C0B8ED4327EB8B4A00545C57 /* NanumSquareR.otf */,
			);
			path = Fonts;
			sourceTree = "<group>";
		};
		DE6B39C14622E8CEE7D82EF0 /* Pods */ = {
			isa = PBXGroup;
			children = (
				69D06B4E9C85A204FC907685 /* Pods-NewsCheck.debug.xcconfig */,
				99C000E8DEF0012EBC6A5DBB /* Pods-NewsCheck.release.xcconfig */,
			);
			path = Pods;
			sourceTree = "<group>";
		};
/* End PBXGroup section */

/* Begin PBXNativeTarget section */
		C00BAD5D27E97FD900134BEA /* NewsCheck */ = {
			isa = PBXNativeTarget;
			buildConfigurationList = C00BAD7227E97FE400134BEA /* Build configuration list for PBXNativeTarget "NewsCheck" */;
			buildPhases = (
				55EE52519CB9C5D9EB4C2D5D /* [CP] Check Pods Manifest.lock */,
				C00BAD5A27E97FD900134BEA /* Sources */,
				C00BAD5B27E97FD900134BEA /* Frameworks */,
				C00BAD5C27E97FD900134BEA /* Resources */,
				157C350EEE7674C59ACAB6E4 /* [CP] Embed Pods Frameworks */,
			);
			buildRules = (
			);
			dependencies = (
			);
			name = NewsCheck;
			productName = NewsApp;
			productReference = C00BAD5E27E97FD900134BEA /* NewsCheck.app */;
			productType = "com.apple.product-type.application";
		};
/* End PBXNativeTarget section */

/* Begin PBXProject section */
		C00BAD5627E97FD900134BEA /* Project object */ = {
			isa = PBXProject;
			attributes = {
				LastSwiftUpdateCheck = 1240;
				LastUpgradeCheck = 1240;
				TargetAttributes = {
					C00BAD5D27E97FD900134BEA = {
						CreatedOnToolsVersion = 12.4;
					};
				};
			};
			buildConfigurationList = C00BAD5927E97FD900134BEA /* Build configuration list for PBXProject "NewsCheck" */;
			compatibilityVersion = "Xcode 9.3";
			developmentRegion = en;
			hasScannedForEncodings = 0;
			knownRegions = (
				en,
				Base,
			);
			mainGroup = C00BAD5527E97FD900134BEA;
			productRefGroup = C00BAD5F27E97FD900134BEA /* Products */;
			projectDirPath = "";
			projectRoot = "";
			targets = (
				C00BAD5D27E97FD900134BEA /* NewsCheck */,
			);
		};
/* End PBXProject section */

/* Begin PBXResourcesBuildPhase section */
		C00BAD5C27E97FD900134BEA /* Resources */ = {
			isa = PBXResourcesBuildPhase;
			buildActionMask = 2147483647;
			files = (
				C00082FF281F8A9C006D61C1 /* SlideCollectionViewCell.xib in Resources */,
				C00BAD6E27E97FE400134BEA /* LaunchScreen.storyboard in Resources */,
				C0B8ED4627EB8B4A00545C57 /* NanumSquareB.otf in Resources */,
				C0B8ED4727EB8B4A00545C57 /* NanumSquareR.otf in Resources */,
				C0B8ED4927EB8B4A00545C57 /* NanumSquareEB.otf in Resources */,
				C0524236283107100034B66B /* GoogleService-Info.plist in Resources */,
				C0B8ED4827EB8B4A00545C57 /* NanumSquareL.otf in Resources */,
				C00BAD6B27E97FE400134BEA /* Assets.xcassets in Resources */,
				C06DAE392806EBFC008E0559 /* NewsTableViewCell.xib in Resources */,
				C0A5A1D928150D4B0030A49B /* NewsCollectionViewCell.xib in Resources */,
				C00BAD6927E97FD900134BEA /* Main.storyboard in Resources */,
				C09A6EF9281A294900DCCEFD /* ListTableViewCell.xib in Resources */,
				C0E74BCA2834C80A00335FE7 /* SettingTableViewCell.xib in Resources */,
				C09D072828337018007D527B /* BookmarkTableViewCell.xib in Resources */,
			);
			runOnlyForDeploymentPostprocessing = 0;
		};
/* End PBXResourcesBuildPhase section */

/* Begin PBXShellScriptBuildPhase section */
		157C350EEE7674C59ACAB6E4 /* [CP] Embed Pods Frameworks */ = {
			isa = PBXShellScriptBuildPhase;
			buildActionMask = 2147483647;
			files = (
			);
			inputFileListPaths = (
				"${PODS_ROOT}/Target Support Files/Pods-NewsCheck/Pods-NewsCheck-frameworks-${CONFIGURATION}-input-files.xcfilelist",
			);
			name = "[CP] Embed Pods Frameworks";
			outputFileListPaths = (
				"${PODS_ROOT}/Target Support Files/Pods-NewsCheck/Pods-NewsCheck-frameworks-${CONFIGURATION}-output-files.xcfilelist",
			);
			runOnlyForDeploymentPostprocessing = 0;
			shellPath = /bin/sh;
			shellScript = "\"${PODS_ROOT}/Target Support Files/Pods-NewsCheck/Pods-NewsCheck-frameworks.sh\"\n";
			showEnvVarsInLog = 0;
		};
		55EE52519CB9C5D9EB4C2D5D /* [CP] Check Pods Manifest.lock */ = {
			isa = PBXShellScriptBuildPhase;
			buildActionMask = 2147483647;
			files = (
			);
			inputFileListPaths = (
			);
			inputPaths = (
				"${PODS_PODFILE_DIR_PATH}/Podfile.lock",
				"${PODS_ROOT}/Manifest.lock",
			);
			name = "[CP] Check Pods Manifest.lock";
			outputFileListPaths = (
			);
			outputPaths = (
				"$(DERIVED_FILE_DIR)/Pods-NewsCheck-checkManifestLockResult.txt",
			);
			runOnlyForDeploymentPostprocessing = 0;
			shellPath = /bin/sh;
			shellScript = "diff \"${PODS_PODFILE_DIR_PATH}/Podfile.lock\" \"${PODS_ROOT}/Manifest.lock\" > /dev/null\nif [ $? != 0 ] ; then\n    # print error to STDERR\n    echo \"error: The sandbox is not in sync with the Podfile.lock. Run 'pod install' or update your CocoaPods installation.\" >&2\n    exit 1\nfi\n# This output is used by Xcode 'outputs' to avoid re-running this script phase.\necho \"SUCCESS\" > \"${SCRIPT_OUTPUT_FILE_0}\"\n";
			showEnvVarsInLog = 0;
		};
/* End PBXShellScriptBuildPhase section */

/* Begin PBXSourcesBuildPhase section */
		C00BAD5A27E97FD900134BEA /* Sources */ = {
			isa = PBXSourcesBuildPhase;
			buildActionMask = 2147483647;
			files = (
				C0E74BC92834C80A00335FE7 /* SettingTableViewCell.swift in Sources */,
				C09A6EF8281A294900DCCEFD /* ListTableViewCell.swift in Sources */,
				C00BAD7A27E986C300134BEA /* Model.swift in Sources */,
				C06DAE382806EBFC008E0559 /* NewsTableViewCell.swift in Sources */,
				C0A07679283CF5950020593D /* UIWindow + Extension.swift in Sources */,
				C09D072428336E88007D527B /* BookmarkViewController.swift in Sources */,
				C0F5677427EAE3850039E49A /* MainViewController.swift in Sources */,
				C0E74BC62834C6A800335FE7 /* SettingViewController.swift in Sources */,
				C0A5A1D828150D4B0030A49B /* NewsCollectionViewCell.swift in Sources */,
				C04DDB302838058C00A2F14E /* FindPwdViewController.swift in Sources */,
				C065DE062830A49F000AD2C3 /* SignUpViewController.swift in Sources */,
				C00082FE281F8A9C006D61C1 /* SliderCollectionViewCell.swift in Sources */,
				C00BAD8A27EA21B900134BEA /* UIColor + Extension.swift in Sources */,
				C031D70B287D4E45005AC35E /* LoginViewModel.swift in Sources */,
				C00BAD6627E97FD900134BEA /* SearchViewController.swift in Sources */,
				C09A6EFB281A48F700DCCEFD /* UISearchBar + Extension.swift in Sources */,
				C00BAD6227E97FD900134BEA /* AppDelegate.swift in Sources */,
				C00BAD6427E97FD900134BEA /* SceneDelegate.swift in Sources */,
				C00BAD8D27EA2C9600134BEA /* UILabel + Extension.swift in Sources */,
				C065DE042830A0CF000AD2C3 /* LoginViewController.swift in Sources */,
				C00BAD8627EA219F00134BEA /* UIFont + Extension.swift in Sources */,
				C065DE022830A00B000AD2C3 /* UserModel.swift in Sources */,
				C00BAD7727E981E900134BEA /* Service.swift in Sources */,
				C065DE082830D366000AD2C3 /* UITextField + Extension.swift in Sources */,
				C09D072728337018007D527B /* BookmarkTableViewCell.swift in Sources */,
			);
			runOnlyForDeploymentPostprocessing = 0;
		};
/* End PBXSourcesBuildPhase section */

/* Begin PBXVariantGroup section */
		C00BAD6727E97FD900134BEA /* Main.storyboard */ = {
			isa = PBXVariantGroup;
			children = (
				C00BAD6827E97FD900134BEA /* Base */,
			);
			name = Main.storyboard;
			sourceTree = "<group>";
		};
		C00BAD6C27E97FE400134BEA /* LaunchScreen.storyboard */ = {
			isa = PBXVariantGroup;
			children = (
				C00BAD6D27E97FE400134BEA /* Base */,
			);
			name = LaunchScreen.storyboard;
			sourceTree = "<group>";
		};
/* End PBXVariantGroup section */

/* Begin XCBuildConfiguration section */
		C00BAD7027E97FE400134BEA /* Debug */ = {
			isa = XCBuildConfiguration;
			buildSettings = {
				ALWAYS_SEARCH_USER_PATHS = NO;
				CLANG_ANALYZER_NONNULL = YES;
				CLANG_ANALYZER_NUMBER_OBJECT_CONVERSION = YES_AGGRESSIVE;
				CLANG_CXX_LANGUAGE_STANDARD = "gnu++14";
				CLANG_CXX_LIBRARY = "libc++";
				CLANG_ENABLE_MODULES = YES;
				CLANG_ENABLE_OBJC_ARC = YES;
				CLANG_ENABLE_OBJC_WEAK = YES;
				CLANG_WARN_BLOCK_CAPTURE_AUTORELEASING = YES;
				CLANG_WARN_BOOL_CONVERSION = YES;
				CLANG_WARN_COMMA = YES;
				CLANG_WARN_CONSTANT_CONVERSION = YES;
				CLANG_WARN_DEPRECATED_OBJC_IMPLEMENTATIONS = YES;
				CLANG_WARN_DIRECT_OBJC_ISA_USAGE = YES_ERROR;
				CLANG_WARN_DOCUMENTATION_COMMENTS = YES;
				CLANG_WARN_EMPTY_BODY = YES;
				CLANG_WARN_ENUM_CONVERSION = YES;
				CLANG_WARN_INFINITE_RECURSION = YES;
				CLANG_WARN_INT_CONVERSION = YES;
				CLANG_WARN_NON_LITERAL_NULL_CONVERSION = YES;
				CLANG_WARN_OBJC_IMPLICIT_RETAIN_SELF = YES;
				CLANG_WARN_OBJC_LITERAL_CONVERSION = YES;
				CLANG_WARN_OBJC_ROOT_CLASS = YES_ERROR;
				CLANG_WARN_QUOTED_INCLUDE_IN_FRAMEWORK_HEADER = YES;
				CLANG_WARN_RANGE_LOOP_ANALYSIS = YES;
				CLANG_WARN_STRICT_PROTOTYPES = YES;
				CLANG_WARN_SUSPICIOUS_MOVE = YES;
				CLANG_WARN_UNGUARDED_AVAILABILITY = YES_AGGRESSIVE;
				CLANG_WARN_UNREACHABLE_CODE = YES;
				CLANG_WARN__DUPLICATE_METHOD_MATCH = YES;
				COPY_PHASE_STRIP = NO;
				DEBUG_INFORMATION_FORMAT = dwarf;
				ENABLE_STRICT_OBJC_MSGSEND = YES;
				ENABLE_TESTABILITY = YES;
				GCC_C_LANGUAGE_STANDARD = gnu11;
				GCC_DYNAMIC_NO_PIC = NO;
				GCC_NO_COMMON_BLOCKS = YES;
				GCC_OPTIMIZATION_LEVEL = 0;
				GCC_PREPROCESSOR_DEFINITIONS = (
					"DEBUG=1",
					"$(inherited)",
				);
				GCC_WARN_64_TO_32_BIT_CONVERSION = YES;
				GCC_WARN_ABOUT_RETURN_TYPE = YES_ERROR;
				GCC_WARN_UNDECLARED_SELECTOR = YES;
				GCC_WARN_UNINITIALIZED_AUTOS = YES_AGGRESSIVE;
				GCC_WARN_UNUSED_FUNCTION = YES;
				GCC_WARN_UNUSED_VARIABLE = YES;
				IPHONEOS_DEPLOYMENT_TARGET = 14.4;
				MTL_ENABLE_DEBUG_INFO = INCLUDE_SOURCE;
				MTL_FAST_MATH = YES;
				ONLY_ACTIVE_ARCH = YES;
				SDKROOT = iphoneos;
				SWIFT_ACTIVE_COMPILATION_CONDITIONS = DEBUG;
				SWIFT_OPTIMIZATION_LEVEL = "-Onone";
			};
			name = Debug;
		};
		C00BAD7127E97FE400134BEA /* Release */ = {
			isa = XCBuildConfiguration;
			buildSettings = {
				ALWAYS_SEARCH_USER_PATHS = NO;
				CLANG_ANALYZER_NONNULL = YES;
				CLANG_ANALYZER_NUMBER_OBJECT_CONVERSION = YES_AGGRESSIVE;
				CLANG_CXX_LANGUAGE_STANDARD = "gnu++14";
				CLANG_CXX_LIBRARY = "libc++";
				CLANG_ENABLE_MODULES = YES;
				CLANG_ENABLE_OBJC_ARC = YES;
				CLANG_ENABLE_OBJC_WEAK = YES;
				CLANG_WARN_BLOCK_CAPTURE_AUTORELEASING = YES;
				CLANG_WARN_BOOL_CONVERSION = YES;
				CLANG_WARN_COMMA = YES;
				CLANG_WARN_CONSTANT_CONVERSION = YES;
				CLANG_WARN_DEPRECATED_OBJC_IMPLEMENTATIONS = YES;
				CLANG_WARN_DIRECT_OBJC_ISA_USAGE = YES_ERROR;
				CLANG_WARN_DOCUMENTATION_COMMENTS = YES;
				CLANG_WARN_EMPTY_BODY = YES;
				CLANG_WARN_ENUM_CONVERSION = YES;
				CLANG_WARN_INFINITE_RECURSION = YES;
				CLANG_WARN_INT_CONVERSION = YES;
				CLANG_WARN_NON_LITERAL_NULL_CONVERSION = YES;
				CLANG_WARN_OBJC_IMPLICIT_RETAIN_SELF = YES;
				CLANG_WARN_OBJC_LITERAL_CONVERSION = YES;
				CLANG_WARN_OBJC_ROOT_CLASS = YES_ERROR;
				CLANG_WARN_QUOTED_INCLUDE_IN_FRAMEWORK_HEADER = YES;
				CLANG_WARN_RANGE_LOOP_ANALYSIS = YES;
				CLANG_WARN_STRICT_PROTOTYPES = YES;
				CLANG_WARN_SUSPICIOUS_MOVE = YES;
				CLANG_WARN_UNGUARDED_AVAILABILITY = YES_AGGRESSIVE;
				CLANG_WARN_UNREACHABLE_CODE = YES;
				CLANG_WARN__DUPLICATE_METHOD_MATCH = YES;
				COPY_PHASE_STRIP = NO;
				DEBUG_INFORMATION_FORMAT = "dwarf-with-dsym";
				ENABLE_NS_ASSERTIONS = NO;
				ENABLE_STRICT_OBJC_MSGSEND = YES;
				GCC_C_LANGUAGE_STANDARD = gnu11;
				GCC_NO_COMMON_BLOCKS = YES;
				GCC_WARN_64_TO_32_BIT_CONVERSION = YES;
				GCC_WARN_ABOUT_RETURN_TYPE = YES_ERROR;
				GCC_WARN_UNDECLARED_SELECTOR = YES;
				GCC_WARN_UNINITIALIZED_AUTOS = YES_AGGRESSIVE;
				GCC_WARN_UNUSED_FUNCTION = YES;
				GCC_WARN_UNUSED_VARIABLE = YES;
				IPHONEOS_DEPLOYMENT_TARGET = 14.4;
				MTL_ENABLE_DEBUG_INFO = NO;
				MTL_FAST_MATH = YES;
				SDKROOT = iphoneos;
				SWIFT_COMPILATION_MODE = wholemodule;
				SWIFT_OPTIMIZATION_LEVEL = "-O";
				VALIDATE_PRODUCT = YES;
			};
			name = Release;
		};
		C00BAD7327E97FE400134BEA /* Debug */ = {
			isa = XCBuildConfiguration;
			baseConfigurationReference = 69D06B4E9C85A204FC907685 /* Pods-NewsCheck.debug.xcconfig */;
			buildSettings = {
				ASSETCATALOG_COMPILER_APPICON_NAME = AppIcon;
				ASSETCATALOG_COMPILER_GLOBAL_ACCENT_COLOR_NAME = AccentColor;
				CODE_SIGN_ENTITLEMENTS = NewsCheck/NewsCheck.entitlements;
				CODE_SIGN_STYLE = Automatic;
				DEVELOPMENT_TEAM = H879PGJ74C;
				INFOPLIST_FILE = NewsCheck/Info.plist;
				LD_RUNPATH_SEARCH_PATHS = (
					"$(inherited)",
					"@executable_path/Frameworks",
				);
				PRODUCT_BUNDLE_IDENTIFIER = com.eunji.NewsApp;
				PRODUCT_NAME = "$(TARGET_NAME)";
				SWIFT_VERSION = 5.0;
				TARGETED_DEVICE_FAMILY = "1,2";
			};
			name = Debug;
		};
		C00BAD7427E97FE400134BEA /* Release */ = {
			isa = XCBuildConfiguration;
			baseConfigurationReference = 99C000E8DEF0012EBC6A5DBB /* Pods-NewsCheck.release.xcconfig */;
			buildSettings = {
				ASSETCATALOG_COMPILER_APPICON_NAME = AppIcon;
				ASSETCATALOG_COMPILER_GLOBAL_ACCENT_COLOR_NAME = AccentColor;
				CODE_SIGN_ENTITLEMENTS = NewsCheck/NewsCheck.entitlements;
				CODE_SIGN_STYLE = Automatic;
				DEVELOPMENT_TEAM = H879PGJ74C;
				INFOPLIST_FILE = NewsCheck/Info.plist;
				LD_RUNPATH_SEARCH_PATHS = (
					"$(inherited)",
					"@executable_path/Frameworks",
				);
				PRODUCT_BUNDLE_IDENTIFIER = com.eunji.NewsApp;
				PRODUCT_NAME = "$(TARGET_NAME)";
				SWIFT_VERSION = 5.0;
				TARGETED_DEVICE_FAMILY = "1,2";
			};
			name = Release;
		};
/* End XCBuildConfiguration section */

/* Begin XCConfigurationList section */
		C00BAD5927E97FD900134BEA /* Build configuration list for PBXProject "NewsCheck" */ = {
			isa = XCConfigurationList;
			buildConfigurations = (
				C00BAD7027E97FE400134BEA /* Debug */,
				C00BAD7127E97FE400134BEA /* Release */,
			);
			defaultConfigurationIsVisible = 0;
			defaultConfigurationName = Release;
		};
		C00BAD7227E97FE400134BEA /* Build configuration list for PBXNativeTarget "NewsCheck" */ = {
			isa = XCConfigurationList;
			buildConfigurations = (
				C00BAD7327E97FE400134BEA /* Debug */,
				C00BAD7427E97FE400134BEA /* Release */,
			);
			defaultConfigurationIsVisible = 0;
			defaultConfigurationName = Release;
		};
/* End XCConfigurationList section */
	};
	rootObject = C00BAD5627E97FD900134BEA /* Project object */;
}
